
Microsoft Visual Studio Solution File, Format Version 12.00
# Visual Studio 2013
VisualStudioVersion = 12.0.31101.0
MinimumVisualStudioVersion = 10.0.40219.1
Project("{FAE04EC0-301F-11D3-BF4B-00C04F79EFBC}") = "Dapper.EntityFramework.Extensions", "Dapper.EntityFramework.Extensions\Dapper.EntityFramework.Extensions.csproj", "{D10801FF-2C63-4180-BFD9-A92BFCF9E2F8}"
EndProject
Project("{2150E333-8FDC-42A3-9474-1A3956D46DE8}") = "Solution Items", "Solution Items", "{6D0D1E42-C01E-45B1-A437-26B1C8FF3906}"
	ProjectSection(SolutionItems) = preProject
		Commands.txt = Commands.txt
		Dapper.EntityFramework.Extensions.nuspec = Dapper.EntityFramework.Extensions.nuspec
	EndProjectSection
EndProject
Project("{2150E333-8FDC-42A3-9474-1A3956D46DE8}") = ".nuget", ".nuget", "{8F8C8CB9-4281-469F-AE49-B197AC64CD23}"
	ProjectSection(SolutionItems) = preProject
		.nuget\packages.config = .nuget\packages.config
	EndProjectSection
EndProject
Global
	GlobalSection(SolutionConfigurationPlatforms) = preSolution
		Debug|Any CPU = Debug|Any CPU
		Release|Any CPU = Release|Any CPU
	EndGlobalSection
	GlobalSection(ProjectConfigurationPlatforms) = postSolution
		{D10801FF-2C63-4180-BFD9-A92BFCF9E2F8}.Debug|Any CPU.ActiveCfg = Debug|Any CPU
		{D10801FF-2C63-4180-BFD9-A92BFCF9E2F8}.Debug|Any CPU.Build.0 = Debug|Any CPU
		{D10801FF-2C63-4180-BFD9-A92BFCF9E2F8}.Release|Any CPU.ActiveCfg = Release|Any CPU
		{D10801FF-2C63-4180-BFD9-A92BFCF9E2F8}.Release|Any CPU.Build.0 = Release|Any CPU
	EndGlobalSection
	GlobalSection(SolutionProperties) = preSolution
		HideSolutionNode = FALSE
	EndGlobalSection
EndGlobal
